{
  "object": {
    "pins": [
      {
        "package": "Sentry",
        "repositoryURL": "https://github.com/getsentry/sentry-cocoa.git",
        "state": {
          "branch": "master",
          "revision": "31f75f31afe1d8c6d51ad179b7cee5854c62ccfd",
          "version": null
        }
      }
    ]
  },
  "version": 1
}
